
Microsoft Visual Studio Solution File, Format Version 12.00
# Visual Studio 15
Project("{FAE04EC0-301F-11D3-BF4B-00C04F79EFBC}") = "Assembly-CSharp", "Assembly-CSharp.csproj", "{D79506DC-A771-E3DC-7316-AEA5C307A9EE}"
EndProject
Global
	GlobalSection(SolutionConfigurationPlatforms) = preSolution
		Debug|Any CPU = Debug|Any CPU
		Release|Any CPU = Release|Any CPU
	EndGlobalSection
	GlobalSection(ProjectConfigurationPlatforms) = postSolution
		{D79506DC-A771-E3DC-7316-AEA5C307A9EE}.Debug|Any CPU.ActiveCfg = Debug|Any CPU
		{D79506DC-A771-E3DC-7316-AEA5C307A9EE}.Debug|Any CPU.Build.0 = Debug|Any CPU
		{D79506DC-A771-E3DC-7316-AEA5C307A9EE}.Release|Any CPU.ActiveCfg = Release|Any CPU
		{D79506DC-A771-E3DC-7316-AEA5C307A9EE}.Release|Any CPU.Build.0 = Release|Any CPU
	EndGlobalSection
	GlobalSection(SolutionProperties) = preSolution
		HideSolutionNode = FALSE
	EndGlobalSection
EndGlobal
